// !$*UTF8*$!
{
	archiveVersion = 1;
	classes = {
	};
	objectVersion = 56;
	objects = {

/* Begin PBXBuildFile section */
		13068BBC2BEBEFED000E22BD /* AppDelegate.swift in Sources */ = {isa = PBXBuildFile; fileRef = 13068BBB2BEBEFED000E22BD /* AppDelegate.swift */; };
		13068BBE2BEBEFED000E22BD /* SceneDelegate.swift in Sources */ = {isa = PBXBuildFile; fileRef = 13068BBD2BEBEFED000E22BD /* SceneDelegate.swift */; };
		13068BC02BEBEFED000E22BD /* ViewController.swift in Sources */ = {isa = PBXBuildFile; fileRef = 13068BBF2BEBEFED000E22BD /* ViewController.swift */; };
		13068BC32BEBEFED000E22BD /* Base in Resources */ = {isa = PBXBuildFile; fileRef = 13068BC22BEBEFED000E22BD /* Base */; };
		13068BC52BEBEFEE000E22BD /* Assets.xcassets in Resources */ = {isa = PBXBuildFile; fileRef = 13068BC42BEBEFEE000E22BD /* Assets.xcassets */; };
		13068BC82BEBEFEE000E22BD /* Base in Resources */ = {isa = PBXBuildFile; fileRef = 13068BC72BEBEFEE000E22BD /* Base */; };
		13068BD62BEBF245000E22BD /* UniformTypeIdentifiers.framework in Frameworks */ = {isa = PBXBuildFile; fileRef = 13068BD52BEBF245000E22BD /* UniformTypeIdentifiers.framework */; };
		13068BD92BEBF245000E22BD /* Media.xcassets in Resources */ = {isa = PBXBuildFile; fileRef = 13068BD82BEBF245000E22BD /* Media.xcassets */; };
		13068BDB2BEBF245000E22BD /* ActionViewController.swift in Sources */ = {isa = PBXBuildFile; fileRef = 13068BDA2BEBF245000E22BD /* ActionViewController.swift */; };
		13068BDE2BEBF245000E22BD /* Base in Resources */ = {isa = PBXBuildFile; fileRef = 13068BDD2BEBF245000E22BD /* Base */; };
		13068BE22BEBF245000E22BD /* Extension.appex in Embed Foundation Extensions */ = {isa = PBXBuildFile; fileRef = 13068BD32BEBF245000E22BD /* Extension.appex */; settings = {ATTRIBUTES = (RemoveHeadersOnCopy, ); }; };
		13068BE82BEC4D79000E22BD /* Action.js in Resources */ = {isa = PBXBuildFile; fileRef = 13068BE72BEC4D79000E22BD /* Action.js */; };
/* End PBXBuildFile section */

/* Begin PBXContainerItemProxy section */
		13068BE02BEBF245000E22BD /* PBXContainerItemProxy */ = {
			isa = PBXContainerItemProxy;
			containerPortal = 13068BB02BEBEFED000E22BD /* Project object */;
			proxyType = 1;
			remoteGlobalIDString = 13068BD22BEBF245000E22BD;
			remoteInfo = Extension;
		};
/* End PBXContainerItemProxy section */

/* Begin PBXCopyFilesBuildPhase section */
		13068BE62BEBF245000E22BD /* Embed Foundation Extensions */ = {
			isa = PBXCopyFilesBuildPhase;
			buildActionMask = 2147483647;
			dstPath = "";
			dstSubfolderSpec = 13;
			files = (
				13068BE22BEBF245000E22BD /* Extension.appex in Embed Foundation Extensions */,
			);
			name = "Embed Foundation Extensions";
			runOnlyForDeploymentPostprocessing = 0;
		};
/* End PBXCopyFilesBuildPhase section */

/* Begin PBXFileReference section */
		13068BB82BEBEFED000E22BD /* JSInjection.app */ = {isa = PBXFileReference; explicitFileType = wrapper.application; includeInIndex = 0; path = JSInjection.app; sourceTree = BUILT_PRODUCTS_DIR; };
		13068BBB2BEBEFED000E22BD /* AppDelegate.swift */ = {isa = PBXFileReference; lastKnownFileType = sourcecode.swift; path = AppDelegate.swift; sourceTree = "<group>"; };
		13068BBD2BEBEFED000E22BD /* SceneDelegate.swift */ = {isa = PBXFileReference; lastKnownFileType = sourcecode.swift; path = SceneDelegate.swift; sourceTree = "<group>"; };
		13068BBF2BEBEFED000E22BD /* ViewController.swift */ = {isa = PBXFileReference; lastKnownFileType = sourcecode.swift; path = ViewController.swift; sourceTree = "<group>"; };
		13068BC22BEBEFED000E22BD /* Base */ = {isa = PBXFileReference; lastKnownFileType = file.storyboard; name = Base; path = Base.lproj/Main.storyboard; sourceTree = "<group>"; };
		13068BC42BEBEFEE000E22BD /* Assets.xcassets */ = {isa = PBXFileReference; lastKnownFileType = folder.assetcatalog; path = Assets.xcassets; sourceTree = "<group>"; };
		13068BC72BEBEFEE000E22BD /* Base */ = {isa = PBXFileReference; lastKnownFileType = file.storyboard; name = Base; path = Base.lproj/LaunchScreen.storyboard; sourceTree = "<group>"; };
		13068BC92BEBEFEE000E22BD /* Info.plist */ = {isa = PBXFileReference; lastKnownFileType = text.plist.xml; path = Info.plist; sourceTree = "<group>"; };
		13068BD32BEBF245000E22BD /* Extension.appex */ = {isa = PBXFileReference; explicitFileType = "wrapper.app-extension"; includeInIndex = 0; path = Extension.appex; sourceTree = BUILT_PRODUCTS_DIR; };
		13068BD52BEBF245000E22BD /* UniformTypeIdentifiers.framework */ = {isa = PBXFileReference; lastKnownFileType = wrapper.framework; name = UniformTypeIdentifiers.framework; path = System/Library/Frameworks/UniformTypeIdentifiers.framework; sourceTree = SDKROOT; };
		13068BD82BEBF245000E22BD /* Media.xcassets */ = {isa = PBXFileReference; lastKnownFileType = folder.assetcatalog; path = Media.xcassets; sourceTree = "<group>"; };
		13068BDA2BEBF245000E22BD /* ActionViewController.swift */ = {isa = PBXFileReference; lastKnownFileType = sourcecode.swift; path = ActionViewController.swift; sourceTree = "<group>"; };
		13068BDD2BEBF245000E22BD /* Base */ = {isa = PBXFileReference; lastKnownFileType = file.storyboard; name = Base; path = Base.lproj/MainInterface.storyboard; sourceTree = "<group>"; };
		13068BDF2BEBF245000E22BD /* Info.plist */ = {isa = PBXFileReference; lastKnownFileType = text.plist.xml; path = Info.plist; sourceTree = "<group>"; };
		13068BE72BEC4D79000E22BD /* Action.js */ = {isa = PBXFileReference; lastKnownFileType = sourcecode.javascript; path = Action.js; sourceTree = "<group>"; };
/* End PBXFileReference section */

/* Begin PBXFrameworksBuildPhase section */
		13068BB52BEBEFED000E22BD /* Frameworks */ = {
			isa = PBXFrameworksBuildPhase;
			buildActionMask = 2147483647;
			files = (
			);
			runOnlyForDeploymentPostprocessing = 0;
		};
		13068BD02BEBF245000E22BD /* Frameworks */ = {
			isa = PBXFrameworksBuildPhase;
			buildActionMask = 2147483647;
			files = (
				13068BD62BEBF245000E22BD /* UniformTypeIdentifiers.framework in Frameworks */,
			);
			runOnlyForDeploymentPostprocessing = 0;
		};
/* End PBXFrameworksBuildPhase section */

/* Begin PBXGroup section */
		13068BAF2BEBEFED000E22BD = {
			isa = PBXGroup;
			children = (
				13068BBA2BEBEFED000E22BD /* JSInjection */,
				13068BD72BEBF245000E22BD /* Extension */,
				13068BD42BEBF245000E22BD /* Frameworks */,
				13068BB92BEBEFED000E22BD /* Products */,
			);
			sourceTree = "<group>";
		};
		13068BB92BEBEFED000E22BD /* Products */ = {
			isa = PBXGroup;
			children = (
				13068BB82BEBEFED000E22BD /* JSInjection.app */,
				13068BD32BEBF245000E22BD /* Extension.appex */,
			);
			name = Products;
			sourceTree = "<group>";
		};
		13068BBA2BEBEFED000E22BD /* JSInjection */ = {
			isa = PBXGroup;
			children = (
				13068BBB2BEBEFED000E22BD /* AppDelegate.swift */,
				13068BBD2BEBEFED000E22BD /* SceneDelegate.swift */,
				13068BBF2BEBEFED000E22BD /* ViewController.swift */,
				13068BC12BEBEFED000E22BD /* Main.storyboard */,
				13068BC42BEBEFEE000E22BD /* Assets.xcassets */,
				13068BC62BEBEFEE000E22BD /* LaunchScreen.storyboard */,
				13068BC92BEBEFEE000E22BD /* Info.plist */,
			);
			path = JSInjection;
			sourceTree = "<group>";
		};
		13068BD42BEBF245000E22BD /* Frameworks */ = {
			isa = PBXGroup;
			children = (
				13068BD52BEBF245000E22BD /* UniformTypeIdentifiers.framework */,
			);
			name = Frameworks;
			sourceTree = "<group>";
		};
		13068BD72BEBF245000E22BD /* Extension */ = {
			isa = PBXGroup;
			children = (
				13068BD82BEBF245000E22BD /* Media.xcassets */,
				13068BDA2BEBF245000E22BD /* ActionViewController.swift */,
				13068BDC2BEBF245000E22BD /* MainInterface.storyboard */,
				13068BDF2BEBF245000E22BD /* Info.plist */,
				13068BE72BEC4D79000E22BD /* Action.js */,
			);
			path = Extension;
			sourceTree = "<group>";
		};
/* End PBXGroup section */

/* Begin PBXNativeTarget section */
		13068BB72BEBEFED000E22BD /* JSInjection */ = {
			isa = PBXNativeTarget;
			buildConfigurationList = 13068BCC2BEBEFEE000E22BD /* Build configuration list for PBXNativeTarget "JSInjection" */;
			buildPhases = (
				13068BB42BEBEFED000E22BD /* Sources */,
				13068BB52BEBEFED000E22BD /* Frameworks */,
				13068BB62BEBEFED000E22BD /* Resources */,
				13068BE62BEBF245000E22BD /* Embed Foundation Extensions */,
			);
			buildRules = (
			);
			dependencies = (
				13068BE12BEBF245000E22BD /* PBXTargetDependency */,
			);
			name = JSInjection;
			productName = JSInjection;
			productReference = 13068BB82BEBEFED000E22BD /* JSInjection.app */;
			productType = "com.apple.product-type.application";
		};
		13068BD22BEBF245000E22BD /* Extension */ = {
			isa = PBXNativeTarget;
			buildConfigurationList = 13068BE32BEBF245000E22BD /* Build configuration list for PBXNativeTarget "Extension" */;
			buildPhases = (
				13068BCF2BEBF245000E22BD /* Sources */,
				13068BD02BEBF245000E22BD /* Frameworks */,
				13068BD12BEBF245000E22BD /* Resources */,
			);
			buildRules = (
			);
			dependencies = (
			);
			name = Extension;
			productName = Extension;
			productReference = 13068BD32BEBF245000E22BD /* Extension.appex */;
			productType = "com.apple.product-type.app-extension";
		};
/* End PBXNativeTarget section */

/* Begin PBXProject section */
		13068BB02BEBEFED000E22BD /* Project object */ = {
			isa = PBXProject;
			attributes = {
				BuildIndependentTargetsInParallel = 1;
				LastSwiftUpdateCheck = 1530;
				LastUpgradeCheck = 1530;
				TargetAttributes = {
					13068BB72BEBEFED000E22BD = {
						CreatedOnToolsVersion = 15.3;
					};
					13068BD22BEBF245000E22BD = {
						CreatedOnToolsVersion = 15.3;
					};
				};
			};
			buildConfigurationList = 13068BB32BEBEFED000E22BD /* Build configuration list for PBXProject "JSInjection" */;
			compatibilityVersion = "Xcode 14.0";
			developmentRegion = en;
			hasScannedForEncodings = 0;
			knownRegions = (
				en,
				Base,
			);
			mainGroup = 13068BAF2BEBEFED000E22BD;
			productRefGroup = 13068BB92BEBEFED000E22BD /* Products */;
			projectDirPath = "";
			projectRoot = "";
			targets = (
				13068BB72BEBEFED000E22BD /* JSInjection */,
				13068BD22BEBF245000E22BD /* Extension */,
			);
		};
/* End PBXProject section */

/* Begin PBXResourcesBuildPhase section */
		13068BB62BEBEFED000E22BD /* Resources */ = {
			isa = PBXResourcesBuildPhase;
			buildActionMask = 2147483647;
			files = (
				13068BC52BEBEFEE000E22BD /* Assets.xcassets in Resources */,
				13068BC82BEBEFEE000E22BD /* Base in Resources */,
				13068BC32BEBEFED000E22BD /* Base in Resources */,
			);
			runOnlyForDeploymentPostprocessing = 0;
		};
		13068BD12BEBF245000E22BD /* Resources */ = {
			isa = PBXResourcesBuildPhase;
			buildActionMask = 2147483647;
			files = (
				13068BE82BEC4D79000E22BD /* Action.js in Resources */,
				13068BD92BEBF245000E22BD /* Media.xcassets in Resources */,
				13068BDE2BEBF245000E22BD /* Base in Resources */,
			);
			runOnlyForDeploymentPostprocessing = 0;
		};
/* End PBXResourcesBuildPhase section */

/* Begin PBXSourcesBuildPhase section */
		13068BB42BEBEFED000E22BD /* Sources */ = {
			isa = PBXSourcesBuildPhase;
			buildActionMask = 2147483647;
			files = (
				13068BC02BEBEFED000E22BD /* ViewController.swift in Sources */,
				13068BBC2BEBEFED000E22BD /* AppDelegate.swift in Sources */,
				13068BBE2BEBEFED000E22BD /* SceneDelegate.swift in Sources */,
			);
			runOnlyForDeploymentPostprocessing = 0;
		};
		13068BCF2BEBF245000E22BD /* Sources */ = {
			isa = PBXSourcesBuildPhase;
			buildActionMask = 2147483647;
			files = (
				13068BDB2BEBF245000E22BD /* ActionViewController.swift in Sources */,
			);
			runOnlyForDeploymentPostprocessing = 0;
		};
/* End PBXSourcesBuildPhase section */

/* Begin PBXTargetDependency section */
		13068BE12BEBF245000E22BD /* PBXTargetDependency */ = {
			isa = PBXTargetDependency;
			target = 13068BD22BEBF245000E22BD /* Extension */;
			targetProxy = 13068BE02BEBF245000E22BD /* PBXContainerItemProxy */;
		};
/* End PBXTargetDependency section */

/* Begin PBXVariantGroup section */
		13068BC12BEBEFED000E22BD /* Main.storyboard */ = {
			isa = PBXVariantGroup;
			children = (
				13068BC22BEBEFED000E22BD /* Base */,
			);
			name = Main.storyboard;
			sourceTree = "<group>";
		};
		13068BC62BEBEFEE000E22BD /* LaunchScreen.storyboard */ = {
			isa = PBXVariantGroup;
			children = (
				13068BC72BEBEFEE000E22BD /* Base */,
			);
			name = LaunchScreen.storyboard;
			sourceTree = "<group>";
		};
		13068BDC2BEBF245000E22BD /* MainInterface.storyboard */ = {
			isa = PBXVariantGroup;
			children = (
				13068BDD2BEBF245000E22BD /* Base */,
			);
			name = MainInterface.storyboard;
			sourceTree = "<group>";
		};
/* End PBXVariantGroup section */

/* Begin XCBuildConfiguration section */
		13068BCA2BEBEFEE000E22BD /* Debug */ = {
			isa = XCBuildConfiguration;
			buildSettings = {
				ALWAYS_SEARCH_USER_PATHS = NO;
				ASSETCATALOG_COMPILER_GENERATE_SWIFT_ASSET_SYMBOL_EXTENSIONS = YES;
				CLANG_ANALYZER_NONNULL = YES;
				CLANG_ANALYZER_NUMBER_OBJECT_CONVERSION = YES_AGGRESSIVE;
				CLANG_CXX_LANGUAGE_STANDARD = "gnu++20";
				CLANG_ENABLE_MODULES = YES;
				CLANG_ENABLE_OBJC_ARC = YES;
				CLANG_ENABLE_OBJC_WEAK = YES;
				CLANG_WARN_BLOCK_CAPTURE_AUTORELEASING = YES;
				CLANG_WARN_BOOL_CONVERSION = YES;
				CLANG_WARN_COMMA = YES;
				CLANG_WARN_CONSTANT_CONVERSION = YES;
				CLANG_WARN_DEPRECATED_OBJC_IMPLEMENTATIONS = YES;
				CLANG_WARN_DIRECT_OBJC_ISA_USAGE = YES_ERROR;
				CLANG_WARN_DOCUMENTATION_COMMENTS = YES;
				CLANG_WARN_EMPTY_BODY = YES;
				CLANG_WARN_ENUM_CONVERSION = YES;
				CLANG_WARN_INFINITE_RECURSION = YES;
				CLANG_WARN_INT_CONVERSION = YES;
				CLANG_WARN_NON_LITERAL_NULL_CONVERSION = YES;
				CLANG_WARN_OBJC_IMPLICIT_RETAIN_SELF = YES;
				CLANG_WARN_OBJC_LITERAL_CONVERSION = YES;
				CLANG_WARN_OBJC_ROOT_CLASS = YES_ERROR;
				CLANG_WARN_QUOTED_INCLUDE_IN_FRAMEWORK_HEADER = YES;
				CLANG_WARN_RANGE_LOOP_ANALYSIS = YES;
				CLANG_WARN_STRICT_PROTOTYPES = YES;
				CLANG_WARN_SUSPICIOUS_MOVE = YES;
				CLANG_WARN_UNGUARDED_AVAILABILITY = YES_AGGRESSIVE;
				CLANG_WARN_UNREACHABLE_CODE = YES;
				CLANG_WARN__DUPLICATE_METHOD_MATCH = YES;
				COPY_PHASE_STRIP = NO;
				DEBUG_INFORMATION_FORMAT = dwarf;
				ENABLE_STRICT_OBJC_MSGSEND = YES;
				ENABLE_TESTABILITY = YES;
				ENABLE_USER_SCRIPT_SANDBOXING = YES;
				GCC_C_LANGUAGE_STANDARD = gnu17;
				GCC_DYNAMIC_NO_PIC = NO;
				GCC_NO_COMMON_BLOCKS = YES;
				GCC_OPTIMIZATION_LEVEL = 0;
				GCC_PREPROCESSOR_DEFINITIONS = (
					"DEBUG=1",
					"$(inherited)",
				);
				GCC_WARN_64_TO_32_BIT_CONVERSION = YES;
				GCC_WARN_ABOUT_RETURN_TYPE = YES_ERROR;
				GCC_WARN_UNDECLARED_SELECTOR = YES;
				GCC_WARN_UNINITIALIZED_AUTOS = YES_AGGRESSIVE;
				GCC_WARN_UNUSED_FUNCTION = YES;
				GCC_WARN_UNUSED_VARIABLE = YES;
				IPHONEOS_DEPLOYMENT_TARGET = 17.4;
				LOCALIZATION_PREFERS_STRING_CATALOGS = YES;
				MTL_ENABLE_DEBUG_INFO = INCLUDE_SOURCE;
				MTL_FAST_MATH = YES;
				ONLY_ACTIVE_ARCH = YES;
				SDKROOT = iphoneos;
				SWIFT_ACTIVE_COMPILATION_CONDITIONS = "DEBUG $(inherited)";
				SWIFT_OPTIMIZATION_LEVEL = "-Onone";
			};
			name = Debug;
		};
		13068BCB2BEBEFEE000E22BD /* Release */ = {
			isa = XCBuildConfiguration;
			buildSettings = {
				ALWAYS_SEARCH_USER_PATHS = NO;
				ASSETCATALOG_COMPILER_GENERATE_SWIFT_ASSET_SYMBOL_EXTENSIONS = YES;
				CLANG_ANALYZER_NONNULL = YES;
				CLANG_ANALYZER_NUMBER_OBJECT_CONVERSION = YES_AGGRESSIVE;
				CLANG_CXX_LANGUAGE_STANDARD = "gnu++20";
				CLANG_ENABLE_MODULES = YES;
				CLANG_ENABLE_OBJC_ARC = YES;
				CLANG_ENABLE_OBJC_WEAK = YES;
				CLANG_WARN_BLOCK_CAPTURE_AUTORELEASING = YES;
				CLANG_WARN_BOOL_CONVERSION = YES;
				CLANG_WARN_COMMA = YES;
				CLANG_WARN_CONSTANT_CONVERSION = YES;
				CLANG_WARN_DEPRECATED_OBJC_IMPLEMENTATIONS = YES;
				CLANG_WARN_DIRECT_OBJC_ISA_USAGE = YES_ERROR;
				CLANG_WARN_DOCUMENTATION_COMMENTS = YES;
				CLANG_WARN_EMPTY_BODY = YES;
				CLANG_WARN_ENUM_CONVERSION = YES;
				CLANG_WARN_INFINITE_RECURSION = YES;
				CLANG_WARN_INT_CONVERSION = YES;
				CLANG_WARN_NON_LITERAL_NULL_CONVERSION = YES;
				CLANG_WARN_OBJC_IMPLICIT_RETAIN_SELF = YES;
				CLANG_WARN_OBJC_LITERAL_CONVERSION = YES;
				CLANG_WARN_OBJC_ROOT_CLASS = YES_ERROR;
				CLANG_WARN_QUOTED_INCLUDE_IN_FRAMEWORK_HEADER = YES;
				CLANG_WARN_RANGE_LOOP_ANALYSIS = YES;
				CLANG_WARN_STRICT_PROTOTYPES = YES;
				CLANG_WARN_SUSPICIOUS_MOVE = YES;
				CLANG_WARN_UNGUARDED_AVAILABILITY = YES_AGGRESSIVE;
				CLANG_WARN_UNREACHABLE_CODE = YES;
				CLANG_WARN__DUPLICATE_METHOD_MATCH = YES;
				COPY_PHASE_STRIP = NO;
				DEBUG_INFORMATION_FORMAT = "dwarf-with-dsym";
				ENABLE_NS_ASSERTIONS = NO;
				ENABLE_STRICT_OBJC_MSGSEND = YES;
				ENABLE_USER_SCRIPT_SANDBOXING = YES;
				GCC_C_LANGUAGE_STANDARD = gnu17;
				GCC_NO_COMMON_BLOCKS = YES;
				GCC_WARN_64_TO_32_BIT_CONVERSION = YES;
				GCC_WARN_ABOUT_RETURN_TYPE = YES_ERROR;
				GCC_WARN_UNDECLARED_SELECTOR = YES;
				GCC_WARN_UNINITIALIZED_AUTOS = YES_AGGRESSIVE;
				GCC_WARN_UNUSED_FUNCTION = YES;
				GCC_WARN_UNUSED_VARIABLE = YES;
				IPHONEOS_DEPLOYMENT_TARGET = 17.4;
				LOCALIZATION_PREFERS_STRING_CATALOGS = YES;
				MTL_ENABLE_DEBUG_INFO = NO;
				MTL_FAST_MATH = YES;
				SDKROOT = iphoneos;
				SWIFT_COMPILATION_MODE = wholemodule;
				VALIDATE_PRODUCT = YES;
			};
			name = Release;
		};
		13068BCD2BEBEFEE000E22BD /* Debug */ = {
			isa = XCBuildConfiguration;
			buildSettings = {
				ALWAYS_EMBED_SWIFT_STANDARD_LIBRARIES = YES;
				ASSETCATALOG_COMPILER_APPICON_NAME = AppIcon;
				ASSETCATALOG_COMPILER_GLOBAL_ACCENT_COLOR_NAME = AccentColor;
				CODE_SIGN_STYLE = Automatic;
				CURRENT_PROJECT_VERSION = 1;
				DEVELOPMENT_TEAM = 856DGHRJ48;
				GENERATE_INFOPLIST_FILE = YES;
				INFOPLIST_FILE = JSInjection/Info.plist;
				INFOPLIST_KEY_UIApplicationSupportsIndirectInputEvents = YES;
				INFOPLIST_KEY_UILaunchStoryboardName = LaunchScreen;
				INFOPLIST_KEY_UIMainStoryboardFile = Main;
				INFOPLIST_KEY_UISupportedInterfaceOrientations_iPad = "UIInterfaceOrientationPortrait UIInterfaceOrientationPortraitUpsideDown UIInterfaceOrientationLandscapeLeft UIInterfaceOrientationLandscapeRight";
				INFOPLIST_KEY_UISupportedInterfaceOrientations_iPhone = "UIInterfaceOrientationPortrait UIInterfaceOrientationLandscapeLeft UIInterfaceOrientationLandscapeRight";
				LD_RUNPATH_SEARCH_PATHS = (
					"$(inherited)",
					"@executable_path/Frameworks",
				);
				MARKETING_VERSION = 1.0;
				PRODUCT_BUNDLE_IDENTIFIER = dev.jayramirez.JSInjection;
				PRODUCT_NAME = "$(TARGET_NAME)";
				SWIFT_EMIT_LOC_STRINGS = YES;
				SWIFT_VERSION = 5.0;
				TARGETED_DEVICE_FAMILY = "1,2";
			};
			name = Debug;
		};
		13068BCE2BEBEFEE000E22BD /* Release */ = {
			isa = XCBuildConfiguration;
			buildSettings = {
				ALWAYS_EMBED_SWIFT_STANDARD_LIBRARIES = YES;
				ASSETCATALOG_COMPILER_APPICON_NAME = AppIcon;
				ASSETCATALOG_COMPILER_GLOBAL_ACCENT_COLOR_NAME = AccentColor;
				CODE_SIGN_STYLE = Automatic;
				CURRENT_PROJECT_VERSION = 1;
				DEVELOPMENT_TEAM = 856DGHRJ48;
				GENERATE_INFOPLIST_FILE = YES;
				INFOPLIST_FILE = JSInjection/Info.plist;
				INFOPLIST_KEY_UIApplicationSupportsIndirectInputEvents = YES;
				INFOPLIST_KEY_UILaunchStoryboardName = LaunchScreen;
				INFOPLIST_KEY_UIMainStoryboardFile = Main;
				INFOPLIST_KEY_UISupportedInterfaceOrientations_iPad = "UIInterfaceOrientationPortrait UIInterfaceOrientationPortraitUpsideDown UIInterfaceOrientationLandscapeLeft UIInterfaceOrientationLandscapeRight";
				INFOPLIST_KEY_UISupportedInterfaceOrientations_iPhone = "UIInterfaceOrientationPortrait UIInterfaceOrientationLandscapeLeft UIInterfaceOrientationLandscapeRight";
				LD_RUNPATH_SEARCH_PATHS = (
					"$(inherited)",
					"@executable_path/Frameworks",
				);
				MARKETING_VERSION = 1.0;
				PRODUCT_BUNDLE_IDENTIFIER = dev.jayramirez.JSInjection;
				PRODUCT_NAME = "$(TARGET_NAME)";
				SWIFT_EMIT_LOC_STRINGS = YES;
				SWIFT_VERSION = 5.0;
				TARGETED_DEVICE_FAMILY = "1,2";
			};
			name = Release;
		};
		13068BE42BEBF245000E22BD /* Debug */ = {
			isa = XCBuildConfiguration;
			buildSettings = {
				CODE_SIGN_STYLE = Automatic;
				CURRENT_PROJECT_VERSION = 1;
				DEVELOPMENT_TEAM = 856DGHRJ48;
				GENERATE_INFOPLIST_FILE = YES;
				INFOPLIST_FILE = Extension/Info.plist;
				INFOPLIST_KEY_CFBundleDisplayName = Extension;
				INFOPLIST_KEY_NSHumanReadableCopyright = "";
				LD_RUNPATH_SEARCH_PATHS = (
					"$(inherited)",
					"@executable_path/Frameworks",
					"@executable_path/../../Frameworks",
				);
				MARKETING_VERSION = 1.0;
				PRODUCT_BUNDLE_IDENTIFIER = dev.jayramirez.JSInjection.Extension;
				PRODUCT_NAME = "$(TARGET_NAME)";
				SKIP_INSTALL = YES;
				SWIFT_EMIT_LOC_STRINGS = YES;
				SWIFT_VERSION = 5.0;
				TARGETED_DEVICE_FAMILY = "1,2";
			};
			name = Debug;
		};
		13068BE52BEBF245000E22BD /* Release */ = {
			isa = XCBuildConfiguration;
			buildSettings = {
				CODE_SIGN_STYLE = Automatic;
				CURRENT_PROJECT_VERSION = 1;
				DEVELOPMENT_TEAM = 856DGHRJ48;
				GENERATE_INFOPLIST_FILE = YES;
				INFOPLIST_FILE = Extension/Info.plist;
				INFOPLIST_KEY_CFBundleDisplayName = Extension;
				INFOPLIST_KEY_NSHumanReadableCopyright = "";
				LD_RUNPATH_SEARCH_PATHS = (
					"$(inherited)",
					"@executable_path/Frameworks",
					"@executable_path/../../Frameworks",
				);
				MARKETING_VERSION = 1.0;
				PRODUCT_BUNDLE_IDENTIFIER = dev.jayramirez.JSInjection.Extension;
				PRODUCT_NAME = "$(TARGET_NAME)";
				SKIP_INSTALL = YES;
				SWIFT_EMIT_LOC_STRINGS = YES;
				SWIFT_VERSION = 5.0;
				TARGETED_DEVICE_FAMILY = "1,2";
			};
			name = Release;
		};
/* End XCBuildConfiguration section */

/* Begin XCConfigurationList section */
		13068BB32BEBEFED000E22BD /* Build configuration list for PBXProject "JSInjection" */ = {
			isa = XCConfigurationList;
			buildConfigurations = (
				13068BCA2BEBEFEE000E22BD /* Debug */,
				13068BCB2BEBEFEE000E22BD /* Release */,
			);
			defaultConfigurationIsVisible = 0;
			defaultConfigurationName = Release;
		};
		13068BCC2BEBEFEE000E22BD /* Build configuration list for PBXNativeTarget "JSInjection" */ = {
			isa = XCConfigurationList;
			buildConfigurations = (
				13068BCD2BEBEFEE000E22BD /* Debug */,
				13068BCE2BEBEFEE000E22BD /* Release */,
			);
			defaultConfigurationIsVisible = 0;
			defaultConfigurationName = Release;
		};
		13068BE32BEBF245000E22BD /* Build configuration list for PBXNativeTarget "Extension" */ = {
			isa = XCConfigurationList;
			buildConfigurations = (
				13068BE42BEBF245000E22BD /* Debug */,
				13068BE52BEBF245000E22BD /* Release */,
			);
			defaultConfigurationIsVisible = 0;
			defaultConfigurationName = Release;
		};
/* End XCConfigurationList section */
	};
	rootObject = 13068BB02BEBEFED000E22BD /* Project object */;
}
